PODS:
  - JCCardView (0.1.0):
    - Masonry
  - Masonry (1.0.2)

DEPENDENCIES:
  - JCCardView (from `../`)

EXTERNAL SOURCES:
  JCCardView:
    :path: ../

SPEC CHECKSUMS:
  JCCardView: 9da55cb238a81bb37428c995a0626ae9a2509426
  Masonry: 7c429b56da9d4ee0bbb3ed77a5ea710d6a5df39e

PODFILE CHECKSUM: bd647eab9583f5b10606c929f3ac0a8a41962c20

COCOAPODS: 1.3.1
